github.com/airbnb/lottie-web v5.12.2+incompatible h1:Ldogtlhiucf7mMsgisyxSBY0qunV44+lpa9Icy2KoQc=
github.com/airbnb/lottie-web v5.12.2+incompatible/go.mod h1:nTss557UK9FGnp8QYlCMO29tjUHwbdAHG/DprbGfHGE=
github.com/gethinode/hinode v0.26.7 h1:KxsuJ7n6M8DYQNasw8KOAGWUb/OsxA6SMkKDDTcvorU=
github.com/gethinode/hinode v0.26.7/go.mod h1:YYtAJzvr7yTsc/7agiyDyMWm1QMHynqmR/+F5jfUrDQ=
github.com/gethinode/mod-bootstrap v1.3.1 h1:ZUX72St0WZ5tyXpEPBJlayX/dmCH3cGErzsozkUKCok=
github.com/gethinode/mod-bootstrap v1.3.1/go.mod h1:CL9IDot6nbXIWJYE/KxfsTdYYEJIGL17BXbAYPn+wVQ=
github.com/gethinode/mod-flexsearch/v2 v2.0.1 h1:5unGUSb1tX1LBtKygnLfdt7CnVJuFKSt6VXiKRxdojc=
github.com/gethinode/mod-flexsearch/v2 v2.0.1/go.mod h1:d7MMkVlz0l6cEk76e0mkveEsDxGfu5Sv+HUIhoGguhE=
github.com/gethinode/mod-fontawesome v1.10.0 h1:Izs2AKc+YVBa1TywcH54OKLTNCUMXRoFIqOs+n0FgOo=
github.com/gethinode/mod-fontawesome v1.10.0/go.mod h1:xBKsZH3WJtMOItZVlp9SbO51uaBy6IbvUZSKpNu3b6Y=
github.com/gethinode/mod-katex v1.1.2 h1:TbeVIWeG5TqldlVxpM1upOWj11RljXy4fhpOQIwOnS4=
github.com/gethinode/mod-katex v1.1.2/go.mod h1:byAfpI3wuqNJIooTGVEGc1cjBhhCy4+CcK1H6495MYg=
github.com/gethinode/mod-leaflet v1.1.1 h1:AIHR4k8SjmeoZxtjLgSS6/N3jKeZNZGdZTgu/7MwP4c=
github.com/gethinode/mod-leaflet v1.1.1/go.mod h1:Ei0x9WiL7Dbi4JeG6yI1CE63bT1QJ8sKi67Jea1wFSE=
github.com/gethinode/mod-lottie v1.5.10 h1:tYFgk74T9zWy2FRkfkRI+8QVQy6lnuABnTeWQ8nUX5w=
github.com/gethinode/mod-lottie v1.5.10/go.mod h1:L7NpvCAm04R59GSAAm/UFoDCs/6UtrIC5zQEjgQSr4k=
github.com/gethinode/mod-simple-datatables v1.0.13 h1:3GTn46Zh56SFzCUP7CUSrmp/ZoiaVG19q4xdObSx6Pc=
github.com/gethinode/mod-simple-datatables v1.0.13/go.mod h1:a2qIdYegX5gBubGbspuHv/2UA/8O89oUG/U5hd7jLK8=
github.com/gethinode/mod-utils/v2 v2.8.1 h1:u7sFbgJ5sBEMYC/GwcMRyjRAd5NxTjBnbld5b0V5n98=
github.com/gethinode/mod-utils/v2 v2.8.1/go.mod h1:GTYeknoLujNjfDxI+V9Dcug26CYJSTJ0B/U2dagw9oY=
github.com/nextapps-de/flexsearch v0.0.0-20240501124520-961c3ae84a87 h1:6PNbL0/LxO8Xl8MZSe5uvCidYNpFTz9nlWTqj2qdlzA=
github.com/nextapps-de/flexsearch v0.0.0-20240501124520-961c3ae84a87/go.mod h1:5GdMfPAXzbA2gXBqTjC6l27kioSYzHlqDMh0+wyx7sU=
github.com/twbs/bootstrap v5.3.3+incompatible h1:goFoqinzdHfkeegpFP7pvhbd0g+A3O2hbU3XCjuNrEQ=
github.com/twbs/bootstrap v5.3.3+incompatible/go.mod h1:fZTSrkpSf0/HkL0IIJzvVspTt1r9zuf7XlZau8kpcY0=
